# This file is automatically @generated by Cargo.
# It is not intended for manual editing.
version = 3

[[package]]
name = "arguments"
version = "0.7.1"
source = "registry+https://github.com/rust-lang/crates.io-index"
checksum = "8d8b6590432235ca848cccae06397e642a4e984b37c546dc1b0dcb056b9dcd23"
dependencies = [
 "options",
]

[[package]]
name = "autocfg"
version = "1.1.0"
source = "registry+https://github.com/rust-lang/crates.io-index"
checksum = "d468802bab17cbc0cc575e9b053f41e72aa36bfa6b7f55e3529ffa43161b97fa"

[[package]]
name = "bitvec_simd"
version = "0.20.5"
source = "registry+https://github.com/rust-lang/crates.io-index"
checksum = "37be662ff2f0192c13db255f195a6006d17930dfd98918854e059af231cfecc4"
dependencies = [
 "smallvec",
 "wide",
]

[[package]]
name = "bnum"
version = "0.3.0"
source = "registry+https://github.com/rust-lang/crates.io-index"
checksum = "efc5041081b7e6cfa6070273e2795a6d1a7b7ff88e2dbbb8eb72ba380d093ee2"
dependencies = [
 "num-integer",
 "num-traits",
]

[[package]]
name = "brunch"
version = "0.3.6"
source = "registry+https://github.com/rust-lang/crates.io-index"
checksum = "27e5390cbbd2d935ef557c00efa33a49ed3962e2702842d8fb71d04bbd7e16c9"
dependencies = [
 "dactyl",
 "unicode-width",
]

[[package]]
name = "bytemuck"
version = "1.12.3"
source = "registry+https://github.com/rust-lang/crates.io-index"
checksum = "aaa3a8d9a1ca92e282c96a32d6511b695d7d994d1d102ba85d279f9b2756947f"

[[package]]
name = "dactyl"
version = "0.4.6"
source = "registry+https://github.com/rust-lang/crates.io-index"
checksum = "9727ada0af62b62efdc175f70ab80bc7198869af62ac923f6367be1e9e81a495"
dependencies = [
 "num-traits",
]

[[package]]
name = "num-integer"
version = "0.1.45"
source = "registry+https://github.com/rust-lang/crates.io-index"
checksum = "225d3389fb3509a24c93f5c29eb6bde2586b98d9f016636dff58d7c6f7569cd9"
dependencies = [
 "autocfg",
 "num-traits",
]

[[package]]
name = "num-traits"
version = "0.2.15"
source = "registry+https://github.com/rust-lang/crates.io-index"
checksum = "578ede34cf02f8924ab9447f50c28075b4d3e5b269972345e7e0372b38c6cdcd"
dependencies = [
 "autocfg",
]

[[package]]
name = "options"
version = "0.5.2"
source = "registry+https://github.com/rust-lang/crates.io-index"
checksum = "61a1c9b12c453182754f3126c5689324c7214265de2df79917b59de87547a916"

[[package]]
name = "safe_arch"
version = "0.6.0"
source = "registry+https://github.com/rust-lang/crates.io-index"
checksum = "794821e4ccb0d9f979512f9c1973480123f9bd62a90d74ab0f9426fcf8f4a529"
dependencies = [
 "bytemuck",
]

[[package]]
name = "serde"
version = "1.0.148"
source = "registry+https://github.com/rust-lang/crates.io-index"
checksum = "e53f64bb4ba0191d6d0676e1b141ca55047d83b74f5607e6d8eb88126c52c2dc"

[[package]]
name = "smallvec"
version = "1.10.0"
source = "registry+https://github.com/rust-lang/crates.io-index"
checksum = "a507befe795404456341dfab10cef66ead4c041f62b8b11bbb92bffe5d0953e0"
dependencies = [
 "serde",
]

[[package]]
name = "unicode-width"
version = "0.1.10"
source = "registry+https://github.com/rust-lang/crates.io-index"
checksum = "c0edd1e5b14653f783770bce4a4dabb4a5108a5370a5f5d8cfe8710c361f6c8b"

[[package]]
name = "wide"
version = "0.7.5"
source = "registry+https://github.com/rust-lang/crates.io-index"
checksum = "ae41ecad2489a1655c8ef8489444b0b113c0a0c795944a3572a0931cf7d2525c"
dependencies = [
 "bytemuck",
 "safe_arch",
]

[[package]]
name = "yamaquasi"
version = "0.1.0"
dependencies = [
 "arguments",
 "bitvec_simd",
 "bnum",
 "brunch",
 "num-integer",
 "num-traits",
]
